{
    "_meta": {
        "hash": {
            "sha256": "9a6a8c0ab40d0c02030d4abe644d86bce129b3a6edda5701d36047294c34b20d"
        },
        "pipfile-spec": 6,
        "requires": {
            "python_version": "3.7"
        },
        "sources": [
            {
                "name": "pypi",
                "url": "https://pypi.org/simple",
                "verify_ssl": true
            }
        ]
    },
    "default": {
        "attrs": {
            "hashes": [
                "sha256:149e90d6d8ac20db7a955ad60cf0e6881a3f20d37096140088356da6c716b0b1",
                "sha256:ef6aaac3ca6cd92904cdd0d83f629a15f18053ec84e6432106f7a4d04ae4f5fb"
            ],
            "version": "==21.2.0"
        },
        "click": {
            "hashes": [
                "sha256:8c04c11192119b1ef78ea049e0a6f0463e4c48ef00a30160c704337586f3ad7a",
                "sha256:fba402a4a47334742d782209a7c79bc448911afe1149d07bdabdf480b3e2f4b6"
            ],
            "version": "==8.0.1"
        },
        "dependency-injector": {
            "hashes": [
                "sha256:027d894b81a1390a360c4df483f2f90b31c0412c173a8b90c9607f5dd337eaea",
                "sha256:05f69a9439fd3ce3c981df8cd1458b47fcea84476c7a758fcd8f4a589ff37f29",
                "sha256:06ee13b2a92b24d66a1762bfa6ef68839129ef8bbef3daf8afb764b3a4413593",
                "sha256:085ff3acf3e177bf3cc02ccdb2f90ab041f8ae8684db891b9ca481d905b53d39",
                "sha256:0c643784ba3639f722fe0863353ea8e4e52abcb9911b651ad5dead59b2f4e0df",
                "sha256:0e5d00948f777e26433d840ca857d81214e0a2140bc3b062bbfa09ebaf943385",
                "sha256:132869ac5182b1c3041a0bc8d944a52c8133a001eb5c588a6289d0d2a7ea0215",
                "sha256:14da54de447f143682416411bad76b974db6b333b9cc5534c12c8a970fe2f07b",
                "sha256:154d4a3cf31e7f050efd11aa20863b9e21d1030b0bb701f5749a22ace831e709",
                "sha256:1bb145003cecefc99569dd691048a655c9eb47b8e6164cbba650e5a6bf9cbb49",
                "sha256:1bfb94c5f933fa92555a9d14b742895fd82bbdd5cf1ab91364d8e53bd49d8cf0",
                "sha256:1ea3b1417d765cd73fc344c3acf7ba45662b6afae85604ed6ccad71a9aec5df1",
                "sha256:2a05b46f1c1022b99ac8ec0c7f266e459c05fb312b6251034442ae9f9b72298f",
                "sha256:2ddd66093a61dc5be94a976ce0d3f5402e8abe17b7280c7cbc449e5bf863ecc0",
                "sha256:2f0e3298a1323ce2c10786811261837ea6d061bcee307d01d2c9945e64005895",
                "sha256:313011fdc5c96d9de6ba04544ca90f89b31ea9cbbf4961e6011c2987e3b55d0e",
                "sha256:33ee3a251805913e8986f7b3a0357859b692f82e48f7b6cd6c340e5395fdaf97",
                "sha256:3415456430ebcfe89c7baaa035450d3591e7597caaba8a71fc50a03fdfedcf5c",
                "sha256:3ffa1c77f88cf1b4728ec6e137f1103b1d195c3c6b26c0edab7a0a1a8a7922ac",
                "sha256:41cf8289e339869d966d7b71bda156d54c73f45ff4d4155bc9a82f8a8a5ed489",
                "sha256:471771236fd7756b12882c3ad9c27ebd2814f0ddde8cfe62579f7e9e77fe3528",
                "sha256:52b11724647e3ed821615d22fb2b3d04bb2e9d58c18b8a2da0e5505ed183a24c",
                "sha256:53997b3102b71e619f09f825c9fb8d71836973245c0f69c4f76b2cf68910f2c8",
                "sha256:587dcb3733a04f88189df01cb36ba638ebfab7480bffe54b4eea2cdc5d480726",
                "sha256:5b69f63820a501d2ccf18cac97ca82c6411335bb23d7c900b521b54e3c3f2905",
                "sha256:63ec7b187ee6e12e279fd55b8f315e85e9f0c25e79f55c0c8782fe657b63fdf3",
                "sha256:66ecb9c9824d61e18fb668aaaf12af85e5d77738a79ef2182751978e12e49582",
                "sha256:6fc3f32ad09a9766f052f2f6bce076d67442b1053c085d068e865799a9245522",
                "sha256:743a2dfef964dd87c7e86896e99926c7d78ba20bc85277926f44e5093005402d",
                "sha256:80efa046792bdad48dad7f80662e2b272373272937c82c227c23352ba33e3d2a",
                "sha256:9268c657aa39d60c4f2547726c7331eb1b49cc49097e2a7adf06ee4f1ef892a9",
                "sha256:9476d68867c010894e55c25fc2c41d1bb2201e2addb4c89a960257714ab4dfae",
                "sha256:95a7fa0c35561c765cdc2b222754d991ca529b02930542cc63242538de2311a3",
                "sha256:95c45e5773272c7738f2b67db1fbfa0bbb81b1ec536c6d2a9303b31ca40152a8",
                "sha256:9630f9f8a3fb659c25eb661c172c73b7586e122bdee62c46717b64da1394b133",
                "sha256:9ae6d58b41f3b4a979a06e17abb5604becbf624675fd990c6c3284c1ef86366e",
                "sha256:9ca57071ca02c732136714a2d1f11e1b9e14b355182530f5c5e1d15218e5a584",
                "sha256:a2a1e56b8603e8049e989ca5ccd0975a080bba6f6d9251747f3eb4c159f51993",
                "sha256:a82f03e3e8c4a85680b2c663dc1d788bb37126146839326cc94de5fb5028d006",
                "sha256:a9475fb82275498c5f76152ba19024571cd428face3c2c9bbc26b91198fd8ea2",
                "sha256:a9e871c396d434ca45db7b1a13df02d5ade1903ba8dc7c1a97bef37e4baf3c62",
                "sha256:b2350e383c26cab5d8509ec90d36cc2e794e1a623f608fcbcd85bccfc102061b",
                "sha256:b27f882807cfd1cf5d89460d29610c0321ea3f54585b90d9d0ceb8ebc1c1ae1e",
                "sha256:bbc0f74b96c89502fbeab022e1bbee1f70b61bbacef4085510da05048e961fb1",
                "sha256:bc7f85df4197c01683dc5e04653bc6f13d99b8cdc27b9fcf224ec65ceca2bac0",
                "sha256:c50747d6a77a5f2ab1c2e7ffedb1abfdd75ab8036c3d25f023d9060071b8d149",
                "sha256:ca02bcf2a87a10a4c93d3cb4fc908592da97a18c406f2331902983ed92c9dc82",
                "sha256:cccadb5b5bd9cf8babacbc3b45177e2307e56d5362314ce1662e0dca14d1e90f",
                "sha256:d734a1f8de36b6cfda6f2a9b1e9df384fe330cc1efcbfd77c0c89e5d6078eae9",
                "sha256:d7fb808a8c67674dd3d2206b5ddb343ea22849f22b75a8df2a95a655c0730d7a",
                "sha256:d91549f9352bdb6c2cd4bc439b0b25ea71986841cce0472ced635a9a569ae4bb",
                "sha256:dea4414145248d950ac727b4250734d3f20566c3e34683452b88cae3f9980793",
                "sha256:e5f2e4f000d34d5664396eaa4ca0fde02d8771f527f44b37877b1d8ea3c3d02f",
                "sha256:e6aa2e761396ec248effa05b4574268cd750530b8b91bbf52143eace0ba5ce37",
                "sha256:e95881be16b2276592737c5929d4e369585c321b43efb599d6e784cbad312ddf",
                "sha256:eb20d033c88f4b54f6dc69d3d6c9618d44da52a71a6df8e13ba6f324647298c9",
                "sha256:eb99cae5bd94e875088ccf20663a58e15b9401e325bc04f7021825dec64b76ce",
                "sha256:ec3969a4fe51bcd9785948aa6c4322b9a1f3ceb80f8713f79887375d4e3c9eae",
                "sha256:f09f282491827651a08e1868575a8f18f48289470bbb9d175f485cf76cabbc7a",
                "sha256:f0bf6dbf6c8d3507d8bc991786dfdabf196e32a4c9f13c313f7fd118f2626fc5",
                "sha256:f3ffe847f11cd068d72a07f6ef51fc2c401a6f35f33ca2c29afe592ba7f60b01",
                "sha256:f6f958f069c0a3d334e7b1b77530f4e6c1518f560fae44bf3e427669a0c7c1c4"
            ],
            "index": "pypi",
            "version": "==4.34.0"
        },
        "flask": {
            "hashes": [
                "sha256:1c4c257b1892aec1398784c63791cbaa43062f1f7aeb555c4da961b20ee68f55",
                "sha256:a6209ca15eb63fc9385f38e452704113d679511d9574d09b2cf9183ae7d20dc9"
            ],
            "index": "pypi",
            "version": "==2.0.1"
        },
        "flask-cors": {
            "hashes": [
                "sha256:74efc975af1194fc7891ff5cd85b0f7478be4f7f59fe158102e91abb72bb4438",
                "sha256:b60839393f3b84a0f3746f6cdca56c1ad7426aa738b70d6c61375857823181de"
            ],
            "index": "pypi",
            "version": "==3.0.10"
        },
        "importlib-metadata": {
            "hashes": [
                "sha256:079ada16b7fc30dfbb5d13399a5113110dab1aa7c2bc62f66af75f0b717c8cac",
                "sha256:9f55f560e116f8643ecf2922d9cd3e1c7e8d52e683178fecd9d08f6aa357e11e"
            ],
            "markers": "python_version < '3.8'",
            "version": "==4.6.1"
        },
        "iniconfig": {
            "hashes": [
                "sha256:011e24c64b7f47f6ebd835bb12a743f2fbe9a26d4cecaa7f53bc4f35ee9da8b3",
                "sha256:bc3af051d7d14b2ee5ef9969666def0cd1a000e121eaea580d4a313df4b37f32"
            ],
            "version": "==1.1.1"
        },
        "itsdangerous": {
            "hashes": [
                "sha256:5174094b9637652bdb841a3029700391451bd092ba3db90600dea710ba28e97c",
                "sha256:9e724d68fc22902a1435351f84c3fb8623f303fffcc566a4cb952df8c572cff0"
            ],
            "version": "==2.0.1"
        },
        "jinja2": {
            "hashes": [
                "sha256:1f06f2da51e7b56b8f238affdd6b4e2c61e39598a378cc49345bc1bd42a978a4",
                "sha256:703f484b47a6af502e743c9122595cc812b0271f661722403114f71a79d0f5a4"
            ],
            "version": "==3.0.1"
        },
        "markupsafe": {
            "hashes": [
                "sha256:01a9b8ea66f1658938f65b93a85ebe8bc016e6769611be228d797c9d998dd298",
                "sha256:023cb26ec21ece8dc3907c0e8320058b2e0cb3c55cf9564da612bc325bed5e64",
                "sha256:0446679737af14f45767963a1a9ef7620189912317d095f2d9ffa183a4d25d2b",
                "sha256:0717a7390a68be14b8c793ba258e075c6f4ca819f15edfc2a3a027c823718567",
                "sha256:0955295dd5eec6cb6cc2fe1698f4c6d84af2e92de33fbcac4111913cd100a6ff",
                "sha256:10f82115e21dc0dfec9ab5c0223652f7197feb168c940f3ef61563fc2d6beb74",
                "sha256:1d609f577dc6e1aa17d746f8bd3c31aa4d258f4070d61b2aa5c4166c1539de35",
                "sha256:2ef54abee730b502252bcdf31b10dacb0a416229b72c18b19e24a4509f273d26",
                "sha256:3c112550557578c26af18a1ccc9e090bfe03832ae994343cfdacd287db6a6ae7",
                "sha256:47ab1e7b91c098ab893b828deafa1203de86d0bc6ab587b160f78fe6c4011f75",
                "sha256:49e3ceeabbfb9d66c3aef5af3a60cc43b85c33df25ce03d0031a608b0a8b2e3f",
                "sha256:4efca8f86c54b22348a5467704e3fec767b2db12fc39c6d963168ab1d3fc9135",
                "sha256:53edb4da6925ad13c07b6d26c2a852bd81e364f95301c66e930ab2aef5b5ddd8",
                "sha256:594c67807fb16238b30c44bdf74f36c02cdf22d1c8cda91ef8a0ed8dabf5620a",
                "sha256:611d1ad9a4288cf3e3c16014564df047fe08410e628f89805e475368bd304914",
                "sha256:6557b31b5e2c9ddf0de32a691f2312a32f77cd7681d8af66c2692efdbef84c18",
                "sha256:693ce3f9e70a6cf7d2fb9e6c9d8b204b6b39897a2c4a1aa65728d5ac97dcc1d8",
                "sha256:6a7fae0dd14cf60ad5ff42baa2e95727c3d81ded453457771d02b7d2b3f9c0c2",
                "sha256:6c4ca60fa24e85fe25b912b01e62cb969d69a23a5d5867682dd3e80b5b02581d",
                "sha256:7d91275b0245b1da4d4cfa07e0faedd5b0812efc15b702576d103293e252af1b",
                "sha256:905fec760bd2fa1388bb5b489ee8ee5f7291d692638ea5f67982d968366bef9f",
                "sha256:97383d78eb34da7e1fa37dd273c20ad4320929af65d156e35a5e2d89566d9dfb",
                "sha256:984d76483eb32f1bcb536dc27e4ad56bba4baa70be32fa87152832cdd9db0833",
                "sha256:a30e67a65b53ea0a5e62fe23682cfe22712e01f453b95233b25502f7c61cb415",
                "sha256:ab3ef638ace319fa26553db0624c4699e31a28bb2a835c5faca8f8acf6a5a902",
                "sha256:b2f4bf27480f5e5e8ce285a8c8fd176c0b03e93dcc6646477d4630e83440c6a9",
                "sha256:b7f2d075102dc8c794cbde1947378051c4e5180d52d276987b8d28a3bd58c17d",
                "sha256:be98f628055368795d818ebf93da628541e10b75b41c559fdf36d104c5787066",
                "sha256:d7f9850398e85aba693bb640262d3611788b1f29a79f0c93c565694658f4071f",
                "sha256:f5653a225f31e113b152e56f154ccbe59eeb1c7487b39b9d9f9cdb58e6c79dc5",
                "sha256:f826e31d18b516f653fe296d967d700fddad5901ae07c622bb3705955e1faa94",
                "sha256:f8ba0e8349a38d3001fae7eadded3f6606f0da5d748ee53cc1dab1d6527b9509",
                "sha256:f9081981fe268bd86831e5c75f7de206ef275defcb82bc70740ae6dc507aee51",
                "sha256:fa130dd50c57d53368c9d59395cb5526eda596d3ffe36666cd81a44d56e48872"
            ],
            "version": "==2.0.1"
        },
        "packaging": {
            "hashes": [
                "sha256:7dc96269f53a4ccec5c0670940a4281106dd0bb343f47b7471f779df49c2fbe7",
                "sha256:c86254f9220d55e31cc94d69bade760f0847da8000def4dfe1c6b872fd14ff14"
            ],
            "version": "==21.0"
        },
        "pluggy": {
            "hashes": [
                "sha256:15b2acde666561e1298d71b523007ed7364de07029219b604cf808bfa1c765b0",
                "sha256:966c145cd83c96502c3c3868f50408687b38434af77734af1e9ca461a4081d2d"
            ],
            "version": "==0.13.1"
        },
        "py": {
            "hashes": [
                "sha256:21b81bda15b66ef5e1a777a21c4dcd9c20ad3efd0b3f817e7a809035269e1bd3",
                "sha256:3b80836aa6d1feeaa108e046da6423ab8f6ceda6468545ae8d02d9d58d18818a"
            ],
            "version": "==1.10.0"
        },
        "pyparsing": {
            "hashes": [
                "sha256:c203ec8783bf771a155b207279b9bccb8dea02d8f0c9e5f8ead507bc3246ecc1",
                "sha256:ef9d7589ef3c200abe66653d3f1ab1033c3c419ae9b9bdb1240a85b024efc88b"
            ],
            "version": "==2.4.7"
        },
        "pytest": {
            "hashes": [
                "sha256:50bcad0a0b9c5a72c8e4e7c9855a3ad496ca6a881a3641b4260605450772c54b",
                "sha256:91ef2131a9bd6be8f76f1f08eac5c5317221d6ad1e143ae03894b862e8976890"
            ],
            "index": "pypi",
            "version": "==6.2.4"
        },
        "python-dotenv": {
            "hashes": [
                "sha256:dd8fe852847f4fbfadabf6183ddd4c824a9651f02d51714fa075c95561959c7d",
                "sha256:effaac3c1e58d89b3ccb4d04a40dc7ad6e0275fda25fd75ae9d323e2465e202d"
            ],
            "index": "pypi",
            "version": "==0.18.0"
        },
        "six": {
            "hashes": [
                "sha256:30639c035cdb23534cd4aa2dd52c3bf48f06e5f4a941509c8bafd8ce11080259",
                "sha256:8b74bedcbbbaca38ff6d7491d76f2b06b3592611af620f8426e82dddb04a5ced"
            ],
            "version": "==1.15.0"
        },
        "toml": {
            "hashes": [
                "sha256:806143ae5bfb6a3c6e736a764057db0e6a0e05e338b5630894a5f779cabb4f9b",
                "sha256:b3bda1d108d5dd99f4a20d24d9c348e91c4db7ab1b749200bded2f839ccbe68f"
            ],
            "version": "==0.10.2"
        },
        "typing-extensions": {
            "hashes": [
                "sha256:0ac0f89795dd19de6b97debb0c6af1c70987fd80a2d62d1958f7e56fcc31b497",
                "sha256:50b6f157849174217d0656f99dc82fe932884fb250826c18350e159ec6cdf342",
                "sha256:779383f6086d90c99ae41cf0ff39aac8a7937a9283ce0a414e5dd782f4c94a84"
            ],
            "markers": "python_version < '3.8'",
            "version": "==3.10.0.0"
        },
        "werkzeug": {
            "hashes": [
                "sha256:1de1db30d010ff1af14a009224ec49ab2329ad2cde454c8a708130642d579c42",
                "sha256:6c1ec500dcdba0baa27600f6a22f6333d8b662d22027ff9f6202e3367413caa8"
            ],
            "version": "==2.0.1"
        },
        "zipp": {
            "hashes": [
                "sha256:957cfda87797e389580cb8b9e3870841ca991e2125350677b2ca83a0e99390a3",
                "sha256:f5812b1e007e48cff63449a5e9f4e7ebea716b4111f9c4f9a645f91d579bf0c4"
            ],
            "version": "==3.5.0"
        }
    },
    "develop": {}
}
